{
  "name": "heads-up-shared-resources",
  "version": "1.0.0",
  "lockfileVersion": 2,
  "requires": true,
  "packages": {
    "": {
      "name": "heads-up-shared-resources",
      "version": "1.0.0",
      "dependencies": {
        "lodash": "^4.17.20",
        "popper.js": "^1.16.1",
        "vue-resize": "^1.0.0"
      }
    },
    "node_modules/lodash": {
      "version": "4.17.20",
      "resolved": "https://registry.npmjs.org/lodash/-/lodash-4.17.20.tgz",
      "integrity": "sha512-PlhdFcillOINfeV7Ni6oF1TAEayyZBoZ8bcshTHqOYJYlrqzRK5hagpagky5o4HfCzzd1TRkXPMFq6cKk9rGmA=="
    },
    "node_modules/popper.js": {
      "version": "1.16.1",
      "resolved": "https://registry.npmjs.org/popper.js/-/popper.js-1.16.1.tgz",
      "integrity": "sha512-Wb4p1J4zyFTbM+u6WuO4XstYx4Ky9Cewe4DWrel7B0w6VVICvPwdOpotjzcf6eD8TsckVnIMNONQyPIUFOUbCQ=="
    },
    "node_modules/vue": {
      "version": "2.6.12",
      "resolved": "https://registry.npmjs.org/vue/-/vue-2.6.12.tgz",
      "integrity": "sha512-uhmLFETqPPNyuLLbsKz6ioJ4q7AZHzD8ZVFNATNyICSZouqP2Sz0rotWQC8UNBF6VGSCs5abnKJoStA6JbCbfg==",
      "peer": true
    },
    "node_modules/vue-resize": {
      "version": "1.0.0",
      "resolved": "https://registry.npmjs.org/vue-resize/-/vue-resize-1.0.0.tgz",
      "integrity": "sha512-SkIi19neeJClapYavfmHiewFZkkTfITVWskg/dIL8b1Eb+RlvnCb8fjGUwLjQJmsw2qsRiiAo4o7BAJVM4pcOA==",
      "peerDependencies": {
        "vue": "^2.6.0"
      }
    }
  },
  "dependencies": {
    "lodash": {
      "version": "4.17.20",
      "resolved": "https://registry.npmjs.org/lodash/-/lodash-4.17.20.tgz",
      "integrity": "sha512-PlhdFcillOINfeV7Ni6oF1TAEayyZBoZ8bcshTHqOYJYlrqzRK5hagpagky5o4HfCzzd1TRkXPMFq6cKk9rGmA=="
    },
    "popper.js": {
      "version": "1.16.1",
      "resolved": "https://registry.npmjs.org/popper.js/-/popper.js-1.16.1.tgz",
      "integrity": "sha512-Wb4p1J4zyFTbM+u6WuO4XstYx4Ky9Cewe4DWrel7B0w6VVICvPwdOpotjzcf6eD8TsckVnIMNONQyPIUFOUbCQ=="
    },
    "vue": {
      "version": "2.6.12",
      "resolved": "https://registry.npmjs.org/vue/-/vue-2.6.12.tgz",
      "integrity": "sha512-uhmLFETqPPNyuLLbsKz6ioJ4q7AZHzD8ZVFNATNyICSZouqP2Sz0rotWQC8UNBF6VGSCs5abnKJoStA6JbCbfg==",
      "peer": true
    },
    "vue-resize": {
      "version": "1.0.0",
      "resolved": "https://registry.npmjs.org/vue-resize/-/vue-resize-1.0.0.tgz",
      "integrity": "sha512-SkIi19neeJClapYavfmHiewFZkkTfITVWskg/dIL8b1Eb+RlvnCb8fjGUwLjQJmsw2qsRiiAo4o7BAJVM4pcOA==",
      "requires": {}
    }
  }
}
