{
  "name": "heads-up-shared-resources",
  "version": "1.0.0",
  "lockfileVersion": 2,
  "requires": true,
  "packages": {
    "": {
      "name": "heads-up-shared-resources",
      "version": "1.0.0",
      "dependencies": {
        "lodash": "^4.17.20",
        "popper.js": "^1.16.1",
        "vue-resize": "^0.5.0"
      }
    },
    "node_modules/lodash": {
      "version": "4.17.20",
      "resolved": "https://registry.npmjs.org/lodash/-/lodash-4.17.20.tgz",
      "integrity": "sha512-PlhdFcillOINfeV7Ni6oF1TAEayyZBoZ8bcshTHqOYJYlrqzRK5hagpagky5o4HfCzzd1TRkXPMFq6cKk9rGmA=="
    },
    "node_modules/popper.js": {
      "version": "1.16.1",
      "resolved": "https://registry.npmjs.org/popper.js/-/popper.js-1.16.1.tgz",
      "integrity": "sha512-Wb4p1J4zyFTbM+u6WuO4XstYx4Ky9Cewe4DWrel7B0w6VVICvPwdOpotjzcf6eD8TsckVnIMNONQyPIUFOUbCQ=="
    },
    "node_modules/vue-resize": {
      "version": "0.5.0",
      "resolved": "https://registry.npmjs.org/vue-resize/-/vue-resize-0.5.0.tgz",
      "integrity": "sha512-k5gOOwTIGSoWZb133Gx3IfSeiiAmve5GyWI7+pU8CvbNntpSAlrCYwZ26GB63NpxcLPK94+m0BDl5TxuZUI+Hw=="
    }
  },
  "dependencies": {
    "lodash": {
      "version": "4.17.20",
      "resolved": "https://registry.npmjs.org/lodash/-/lodash-4.17.20.tgz",
      "integrity": "sha512-PlhdFcillOINfeV7Ni6oF1TAEayyZBoZ8bcshTHqOYJYlrqzRK5hagpagky5o4HfCzzd1TRkXPMFq6cKk9rGmA=="
    },
    "popper.js": {
      "version": "1.16.1",
      "resolved": "https://registry.npmjs.org/popper.js/-/popper.js-1.16.1.tgz",
      "integrity": "sha512-Wb4p1J4zyFTbM+u6WuO4XstYx4Ky9Cewe4DWrel7B0w6VVICvPwdOpotjzcf6eD8TsckVnIMNONQyPIUFOUbCQ=="
    },
    "vue-resize": {
      "version": "0.5.0",
      "resolved": "https://registry.npmjs.org/vue-resize/-/vue-resize-0.5.0.tgz",
      "integrity": "sha512-k5gOOwTIGSoWZb133Gx3IfSeiiAmve5GyWI7+pU8CvbNntpSAlrCYwZ26GB63NpxcLPK94+m0BDl5TxuZUI+Hw=="
    }
  }
}
